
Microsoft Visual Studio Solution File, Format Version 12.00
# Visual Studio Version 17
VisualStudioVersion = 17.6.33723.286
MinimumVisualStudioVersion = 10.0.40219.1
Project("{FAE04EC0-301F-11D3-BF4B-00C04F79EFBC}") = "platformservice", "platformservice\platformservice.csproj", "{30AE16AA-FD91-4A09-8D4D-BD7D07FD2CC9}"
EndProject
Global
	GlobalSection(SolutionConfigurationPlatforms) = preSolution
		Debug|Any CPU = Debug|Any CPU
		Release|Any CPU = Release|Any CPU
	EndGlobalSection
	GlobalSection(ProjectConfigurationPlatforms) = postSolution
		{30AE16AA-FD91-4A09-8D4D-BD7D07FD2CC9}.Debug|Any CPU.ActiveCfg = Debug|Any CPU
		{30AE16AA-FD91-4A09-8D4D-BD7D07FD2CC9}.Debug|Any CPU.Build.0 = Debug|Any CPU
		{30AE16AA-FD91-4A09-8D4D-BD7D07FD2CC9}.Release|Any CPU.ActiveCfg = Release|Any CPU
		{30AE16AA-FD91-4A09-8D4D-BD7D07FD2CC9}.Release|Any CPU.Build.0 = Release|Any CPU
	EndGlobalSection
	GlobalSection(SolutionProperties) = preSolution
		HideSolutionNode = FALSE
	EndGlobalSection
	GlobalSection(ExtensibilityGlobals) = postSolution
		SolutionGuid = {40ECCB61-F197-4CFF-8B5C-33631E6E8412}
	EndGlobalSection
EndGlobal
